// !$*UTF8*$!
{
	archiveVersion = 1;
	classes = {
	};
	objectVersion = 56;
	objects = {

/* Begin PBXBuildFile section */
		4832F10FA158EE70A7C58956 /* ProfileView.swift in Sources */ = {isa = PBXBuildFile; fileRef = 4832F9A8DE53F49130CCDAB2 /* ProfileView.swift */; };
		4832F19F6A37DD2BEFEABFE1 /* PaymentView.swift in Sources */ = {isa = PBXBuildFile; fileRef = 4832FF0D48E33FBE79FCF1F2 /* PaymentView.swift */; };
		4832F42DB0BAA9C6D7E380C4 /* HistoryView.swift in Sources */ = {isa = PBXBuildFile; fileRef = 4832F100EF34D3F131532A66 /* HistoryView.swift */; };
		4832F5C76661114D894EDF17 /* SplashscreenView.swift in Sources */ = {isa = PBXBuildFile; fileRef = 4832F61D8088F9BB2927D292 /* SplashscreenView.swift */; };
		4832F6084E39302BF13A72AE /* ProductScrollView.swift in Sources */ = {isa = PBXBuildFile; fileRef = 4832F661AFBB2DB7B0EAC6A1 /* ProductScrollView.swift */; };
		4832F627F056E57B6A829DB6 /* DetailView.swift in Sources */ = {isa = PBXBuildFile; fileRef = 4832F26DD637CED361334171 /* DetailView.swift */; };
		4832F63890978FC0C14DDE7A /* EditAddressView.swift in Sources */ = {isa = PBXBuildFile; fileRef = 4832F5BCE03565E36A6587E0 /* EditAddressView.swift */; };
		4832F80B63854E7138CB1987 /* HistoryDetailView.swift in Sources */ = {isa = PBXBuildFile; fileRef = 4832FDA8071E2AE2DB6623A8 /* HistoryDetailView.swift */; };
		4832F85CCE2D62AC994BC31A /* LoginView.swift in Sources */ = {isa = PBXBuildFile; fileRef = 4832FA49475CD5EF05117DAB /* LoginView.swift */; };
		4832F8683B119556D11F7D2C /* UserSettings.swift in Sources */ = {isa = PBXBuildFile; fileRef = 4832F45D75528A1B5F1FD428 /* UserSettings.swift */; };
		4832F885ECE5665D6FAF1059 /* ProductItemView.swift in Sources */ = {isa = PBXBuildFile; fileRef = 4832F9440DB6546869771BF5 /* ProductItemView.swift */; };
		4832F8B768F2B27A25B068CE /* DashboardView.swift in Sources */ = {isa = PBXBuildFile; fileRef = 4832F911BE1A2F257402C998 /* DashboardView.swift */; };
		4832FA701A9BCA6A168F0130 /* RegisterView.swift in Sources */ = {isa = PBXBuildFile; fileRef = 4832F91FD23D3C50BE17BB51 /* RegisterView.swift */; };
		4832FAF0EF4DEFCDC1C594C9 /* CheckoutView.swift in Sources */ = {isa = PBXBuildFile; fileRef = 4832FDE4F46AEC8C58778AD0 /* CheckoutView.swift */; };
		4832FB7332A87A92DFA441B0 /* OnboardingView.swift in Sources */ = {isa = PBXBuildFile; fileRef = 4832F41330B52A4BA72B63A5 /* OnboardingView.swift */; };
		4832FC5EF2544223E7532121 /* CardView.swift in Sources */ = {isa = PBXBuildFile; fileRef = 4832F66FF11794B1492C3C58 /* CardView.swift */; };
		4832FCFD537586FE928B29D5 /* EditProfileView.swift in Sources */ = {isa = PBXBuildFile; fileRef = 4832F22DB5DF8D19EA5BB24C /* EditProfileView.swift */; };
		4832FD928BD038652860D86E /* StatusChipView.swift in Sources */ = {isa = PBXBuildFile; fileRef = 4832FE9AFBDD66E41840BC4A /* StatusChipView.swift */; };
		570691B82945E69700FD56FF /* BackToRoot.swift in Sources */ = {isa = PBXBuildFile; fileRef = 570691B72945E69700FD56FF /* BackToRoot.swift */; };
		571928E2293F288E0089E24B /* ViewRouter.swift in Sources */ = {isa = PBXBuildFile; fileRef = 571928E1293F288E0089E24B /* ViewRouter.swift */; };
		571928E4293F28B50089E24B /* Page.swift in Sources */ = {isa = PBXBuildFile; fileRef = 571928E3293F28B50089E24B /* Page.swift */; };
		571928E6293F29310089E24B /* PageController.swift in Sources */ = {isa = PBXBuildFile; fileRef = 571928E5293F29310089E24B /* PageController.swift */; };
		BF990D14293E6AAA00E849AD /* HistoryModel.swift in Sources */ = {isa = PBXBuildFile; fileRef = BF990D13293E6AAA00E849AD /* HistoryModel.swift */; };
		C1285B59293B994600A001BE /* Meat_SolutionApp.swift in Sources */ = {isa = PBXBuildFile; fileRef = C1285B58293B994600A001BE /* Meat_SolutionApp.swift */; };
		C1285B5D293B994700A001BE /* Assets.xcassets in Resources */ = {isa = PBXBuildFile; fileRef = C1285B5C293B994700A001BE /* Assets.xcassets */; };
		C1285B60293B994700A001BE /* Preview Assets.xcassets in Resources */ = {isa = PBXBuildFile; fileRef = C1285B5F293B994700A001BE /* Preview Assets.xcassets */; };
		C1285B74293C6CAD00A001BE /* ExtensionColor.swift in Sources */ = {isa = PBXBuildFile; fileRef = C1285B73293C6CAD00A001BE /* ExtensionColor.swift */; };
		E611012629448A24009A421C /* PaymentModel.swift in Sources */ = {isa = PBXBuildFile; fileRef = E611012529448A24009A421C /* PaymentModel.swift */; };
		E6534795293DDBA000EFEB91 /* ProductModel.swift in Sources */ = {isa = PBXBuildFile; fileRef = E6534794293DDBA000EFEB91 /* ProductModel.swift */; };
/* End PBXBuildFile section */

/* Begin PBXFileReference section */
		4832F100EF34D3F131532A66 /* HistoryView.swift */ = {isa = PBXFileReference; fileEncoding = 4; lastKnownFileType = sourcecode.swift; path = HistoryView.swift; sourceTree = "<group>"; };
		4832F22DB5DF8D19EA5BB24C /* EditProfileView.swift */ = {isa = PBXFileReference; fileEncoding = 4; lastKnownFileType = sourcecode.swift; path = EditProfileView.swift; sourceTree = "<group>"; };
		4832F26DD637CED361334171 /* DetailView.swift */ = {isa = PBXFileReference; fileEncoding = 4; lastKnownFileType = sourcecode.swift; path = DetailView.swift; sourceTree = "<group>"; };
		4832F41330B52A4BA72B63A5 /* OnboardingView.swift */ = {isa = PBXFileReference; fileEncoding = 4; lastKnownFileType = sourcecode.swift; path = OnboardingView.swift; sourceTree = "<group>"; };
		4832F45D75528A1B5F1FD428 /* UserSettings.swift */ = {isa = PBXFileReference; fileEncoding = 4; lastKnownFileType = sourcecode.swift; path = UserSettings.swift; sourceTree = "<group>"; };
		4832F5BCE03565E36A6587E0 /* EditAddressView.swift */ = {isa = PBXFileReference; fileEncoding = 4; lastKnownFileType = sourcecode.swift; path = EditAddressView.swift; sourceTree = "<group>"; };
		4832F61D8088F9BB2927D292 /* SplashscreenView.swift */ = {isa = PBXFileReference; fileEncoding = 4; lastKnownFileType = sourcecode.swift; path = SplashscreenView.swift; sourceTree = "<group>"; };
		4832F661AFBB2DB7B0EAC6A1 /* ProductScrollView.swift */ = {isa = PBXFileReference; fileEncoding = 4; lastKnownFileType = sourcecode.swift; path = ProductScrollView.swift; sourceTree = "<group>"; };
		4832F66FF11794B1492C3C58 /* CardView.swift */ = {isa = PBXFileReference; fileEncoding = 4; lastKnownFileType = sourcecode.swift; path = CardView.swift; sourceTree = "<group>"; };
		4832F911BE1A2F257402C998 /* DashboardView.swift */ = {isa = PBXFileReference; fileEncoding = 4; lastKnownFileType = sourcecode.swift; path = DashboardView.swift; sourceTree = "<group>"; };
		4832F91FD23D3C50BE17BB51 /* RegisterView.swift */ = {isa = PBXFileReference; fileEncoding = 4; lastKnownFileType = sourcecode.swift; path = RegisterView.swift; sourceTree = "<group>"; };
		4832F9440DB6546869771BF5 /* ProductItemView.swift */ = {isa = PBXFileReference; fileEncoding = 4; lastKnownFileType = sourcecode.swift; path = ProductItemView.swift; sourceTree = "<group>"; };
		4832F9A8DE53F49130CCDAB2 /* ProfileView.swift */ = {isa = PBXFileReference; fileEncoding = 4; lastKnownFileType = sourcecode.swift; path = ProfileView.swift; sourceTree = "<group>"; };
		4832FA49475CD5EF05117DAB /* LoginView.swift */ = {isa = PBXFileReference; fileEncoding = 4; lastKnownFileType = sourcecode.swift; path = LoginView.swift; sourceTree = "<group>"; };
		4832FDA8071E2AE2DB6623A8 /* HistoryDetailView.swift */ = {isa = PBXFileReference; fileEncoding = 4; lastKnownFileType = sourcecode.swift; path = HistoryDetailView.swift; sourceTree = "<group>"; };
		4832FDE4F46AEC8C58778AD0 /* CheckoutView.swift */ = {isa = PBXFileReference; fileEncoding = 4; lastKnownFileType = sourcecode.swift; path = CheckoutView.swift; sourceTree = "<group>"; };
		4832FE9AFBDD66E41840BC4A /* StatusChipView.swift */ = {isa = PBXFileReference; fileEncoding = 4; lastKnownFileType = sourcecode.swift; path = StatusChipView.swift; sourceTree = "<group>"; };
		4832FF0D48E33FBE79FCF1F2 /* PaymentView.swift */ = {isa = PBXFileReference; fileEncoding = 4; lastKnownFileType = sourcecode.swift; path = PaymentView.swift; sourceTree = "<group>"; };
		570691B72945E69700FD56FF /* BackToRoot.swift */ = {isa = PBXFileReference; lastKnownFileType = sourcecode.swift; path = BackToRoot.swift; sourceTree = "<group>"; };
		571928E1293F288E0089E24B /* ViewRouter.swift */ = {isa = PBXFileReference; lastKnownFileType = sourcecode.swift; path = ViewRouter.swift; sourceTree = "<group>"; };
		571928E3293F28B50089E24B /* Page.swift */ = {isa = PBXFileReference; lastKnownFileType = sourcecode.swift; path = Page.swift; sourceTree = "<group>"; };
		571928E5293F29310089E24B /* PageController.swift */ = {isa = PBXFileReference; lastKnownFileType = sourcecode.swift; path = PageController.swift; sourceTree = "<group>"; };
		BF990D13293E6AAA00E849AD /* HistoryModel.swift */ = {isa = PBXFileReference; lastKnownFileType = sourcecode.swift; path = HistoryModel.swift; sourceTree = "<group>"; };
		C1285B55293B994600A001BE /* Meat Solution.app */ = {isa = PBXFileReference; explicitFileType = wrapper.application; includeInIndex = 0; path = "Meat Solution.app"; sourceTree = BUILT_PRODUCTS_DIR; };
		C1285B58293B994600A001BE /* Meat_SolutionApp.swift */ = {isa = PBXFileReference; lastKnownFileType = sourcecode.swift; path = Meat_SolutionApp.swift; sourceTree = "<group>"; };
		C1285B5C293B994700A001BE /* Assets.xcassets */ = {isa = PBXFileReference; lastKnownFileType = folder.assetcatalog; path = Assets.xcassets; sourceTree = "<group>"; };
		C1285B5F293B994700A001BE /* Preview Assets.xcassets */ = {isa = PBXFileReference; lastKnownFileType = folder.assetcatalog; path = "Preview Assets.xcassets"; sourceTree = "<group>"; };
		C1285B73293C6CAD00A001BE /* ExtensionColor.swift */ = {isa = PBXFileReference; fileEncoding = 4; lastKnownFileType = sourcecode.swift; path = ExtensionColor.swift; sourceTree = "<group>"; };
		E611012529448A24009A421C /* PaymentModel.swift */ = {isa = PBXFileReference; lastKnownFileType = sourcecode.swift; path = PaymentModel.swift; sourceTree = "<group>"; };
		E6534794293DDBA000EFEB91 /* ProductModel.swift */ = {isa = PBXFileReference; lastKnownFileType = sourcecode.swift; path = ProductModel.swift; sourceTree = "<group>"; };
/* End PBXFileReference section */

/* Begin PBXFrameworksBuildPhase section */
		C1285B52293B994600A001BE /* Frameworks */ = {
			isa = PBXFrameworksBuildPhase;
			buildActionMask = 2147483647;
			files = (
			);
			runOnlyForDeploymentPostprocessing = 0;
		};
/* End PBXFrameworksBuildPhase section */

/* Begin PBXGroup section */
		4832F1458B809ADE28284E91 /* Catalog */ = {
			isa = PBXGroup;
			children = (
				4832FDE4F46AEC8C58778AD0 /* CheckoutView.swift */,
				4832F26DD637CED361334171 /* DetailView.swift */,
				4832FF0D48E33FBE79FCF1F2 /* PaymentView.swift */,
				4832F2E8BB58C2F49F3AE59F /* Dashboard */,
			);
			path = Catalog;
			sourceTree = "<group>";
		};
		4832F2E8BB58C2F49F3AE59F /* Dashboard */ = {
			isa = PBXGroup;
			children = (
				4832F661AFBB2DB7B0EAC6A1 /* ProductScrollView.swift */,
				4832F911BE1A2F257402C998 /* DashboardView.swift */,
			);
			path = Dashboard;
			sourceTree = "<group>";
		};
		4832F4788E49E63F2323E671 /* Profile */ = {
			isa = PBXGroup;
			children = (
				4832F9A8DE53F49130CCDAB2 /* ProfileView.swift */,
				4832F22DB5DF8D19EA5BB24C /* EditProfileView.swift */,
				4832F5BCE03565E36A6587E0 /* EditAddressView.swift */,
				4832F100EF34D3F131532A66 /* HistoryView.swift */,
				4832FDB5B5621322704C88FD /* OrderHistory */,
			);
			path = Profile;
			sourceTree = "<group>";
		};
		4832F4D2874A503646FC11D7 /* ViewModel */ = {
			isa = PBXGroup;
			children = (
				4832F4788E49E63F2323E671 /* Profile */,
				4832F1458B809ADE28284E91 /* Catalog */,
				4832F8D189C3901F7E5F2BF9 /* Onboarding */,
			);
			path = ViewModel;
			sourceTree = "<group>";
		};
		4832F8D189C3901F7E5F2BF9 /* Onboarding */ = {
			isa = PBXGroup;
			children = (
				4832FA49475CD5EF05117DAB /* LoginView.swift */,
				4832F41330B52A4BA72B63A5 /* OnboardingView.swift */,
				4832F91FD23D3C50BE17BB51 /* RegisterView.swift */,
				4832F61D8088F9BB2927D292 /* SplashscreenView.swift */,
			);
			path = Onboarding;
			sourceTree = "<group>";
		};
		4832FDB5B5621322704C88FD /* OrderHistory */ = {
			isa = PBXGroup;
			children = (
				4832FDA8071E2AE2DB6623A8 /* HistoryDetailView.swift */,
				4832F66FF11794B1492C3C58 /* CardView.swift */,
				4832FE9AFBDD66E41840BC4A /* StatusChipView.swift */,
				4832F9440DB6546869771BF5 /* ProductItemView.swift */,
			);
			path = OrderHistory;
			sourceTree = "<group>";
		};
		571928E0293F28740089E24B /* View */ = {
			isa = PBXGroup;
			children = (
				571928E1293F288E0089E24B /* ViewRouter.swift */,
				571928E3293F28B50089E24B /* Page.swift */,
				571928E5293F29310089E24B /* PageController.swift */,
				570691B72945E69700FD56FF /* BackToRoot.swift */,
			);
			path = View;
			sourceTree = "<group>";
		};
		C1285B4C293B994600A001BE = {
			isa = PBXGroup;
			children = (
				C1285B57293B994600A001BE /* Meat Solution */,
				C1285B56293B994600A001BE /* Products */,
			);
			sourceTree = "<group>";
		};
		C1285B56293B994600A001BE /* Products */ = {
			isa = PBXGroup;
			children = (
				C1285B55293B994600A001BE /* Meat Solution.app */,
			);
			name = Products;
			sourceTree = "<group>";
		};
		C1285B57293B994600A001BE /* Meat Solution */ = {
			isa = PBXGroup;
			children = (
				C1285B72293C6C9A00A001BE /* Extensions */,
				571928E0293F28740089E24B /* View */,
				E6534793293DDB8B00EFEB91 /* Model */,
				C1285B58293B994600A001BE /* Meat_SolutionApp.swift */,
				C1285B5C293B994700A001BE /* Assets.xcassets */,
				C1285B5E293B994700A001BE /* Preview Content */,
				4832F4D2874A503646FC11D7 /* ViewModel */,
			);
			path = "Meat Solution";
			sourceTree = "<group>";
		};
		C1285B5E293B994700A001BE /* Preview Content */ = {
			isa = PBXGroup;
			children = (
				C1285B5F293B994700A001BE /* Preview Assets.xcassets */,
			);
			path = "Preview Content";
			sourceTree = "<group>";
		};
		C1285B72293C6C9A00A001BE /* Extensions */ = {
			isa = PBXGroup;
			children = (
				C1285B73293C6CAD00A001BE /* ExtensionColor.swift */,
			);
			path = Extensions;
			sourceTree = "<group>";
		};
		E6534793293DDB8B00EFEB91 /* Model */ = {
			isa = PBXGroup;
			children = (
				E6534794293DDBA000EFEB91 /* ProductModel.swift */,
				BF990D13293E6AAA00E849AD /* HistoryModel.swift */,
				E611012529448A24009A421C /* PaymentModel.swift */,
				4832F45D75528A1B5F1FD428 /* UserSettings.swift */,
			);
			path = Model;
			sourceTree = "<group>";
		};
/* End PBXGroup section */

/* Begin PBXNativeTarget section */
		C1285B54293B994600A001BE /* Meat Solution */ = {
			isa = PBXNativeTarget;
			buildConfigurationList = C1285B63293B994700A001BE /* Build configuration list for PBXNativeTarget "Meat Solution" */;
			buildPhases = (
				C1285B51293B994600A001BE /* Sources */,
				C1285B52293B994600A001BE /* Frameworks */,
				C1285B53293B994600A001BE /* Resources */,
			);
			buildRules = (
			);
			dependencies = (
			);
			name = "Meat Solution";
			productName = "Meat Solution";
			productReference = C1285B55293B994600A001BE /* Meat Solution.app */;
			productType = "com.apple.product-type.application";
		};
/* End PBXNativeTarget section */

/* Begin PBXProject section */
		C1285B4D293B994600A001BE /* Project object */ = {
			isa = PBXProject;
			attributes = {
				BuildIndependentTargetsInParallel = 1;
				LastSwiftUpdateCheck = 1410;
				LastUpgradeCheck = 1410;
				TargetAttributes = {
					C1285B54293B994600A001BE = {
						CreatedOnToolsVersion = 14.1;
					};
				};
			};
			buildConfigurationList = C1285B50293B994600A001BE /* Build configuration list for PBXProject "Meat Solution" */;
			compatibilityVersion = "Xcode 14.0";
			developmentRegion = en;
			hasScannedForEncodings = 0;
			knownRegions = (
				en,
				Base,
			);
			mainGroup = C1285B4C293B994600A001BE;
			productRefGroup = C1285B56293B994600A001BE /* Products */;
			projectDirPath = "";
			projectRoot = "";
			targets = (
				C1285B54293B994600A001BE /* Meat Solution */,
			);
		};
/* End PBXProject section */

/* Begin PBXResourcesBuildPhase section */
		C1285B53293B994600A001BE /* Resources */ = {
			isa = PBXResourcesBuildPhase;
			buildActionMask = 2147483647;
			files = (
				C1285B60293B994700A001BE /* Preview Assets.xcassets in Resources */,
				C1285B5D293B994700A001BE /* Assets.xcassets in Resources */,
			);
			runOnlyForDeploymentPostprocessing = 0;
		};
/* End PBXResourcesBuildPhase section */

/* Begin PBXSourcesBuildPhase section */
		C1285B51293B994600A001BE /* Sources */ = {
			isa = PBXSourcesBuildPhase;
			buildActionMask = 2147483647;
			files = (
				570691B82945E69700FD56FF /* BackToRoot.swift in Sources */,
				C1285B59293B994600A001BE /* Meat_SolutionApp.swift in Sources */,
				C1285B74293C6CAD00A001BE /* ExtensionColor.swift in Sources */,
				571928E4293F28B50089E24B /* Page.swift in Sources */,
				E611012629448A24009A421C /* PaymentModel.swift in Sources */,
				571928E2293F288E0089E24B /* ViewRouter.swift in Sources */,
				C1285B59293B994600A001BE /* Meat_SolutionApp.swift in Sources */,
				E6534795293DDBA000EFEB91 /* ProductModel.swift in Sources */,
				BF990D14293E6AAA00E849AD /* HistoryModel.swift in Sources */,
				571928E6293F29310089E24B /* PageController.swift in Sources */,
				C1285B59293B994600A001BE /* Meat_SolutionApp.swift in Sources */,
				4832F10FA158EE70A7C58956 /* ProfileView.swift in Sources */,
				4832FCFD537586FE928B29D5 /* EditProfileView.swift in Sources */,
				4832F63890978FC0C14DDE7A /* EditAddressView.swift in Sources */,
				4832F42DB0BAA9C6D7E380C4 /* HistoryView.swift in Sources */,
				4832FAF0EF4DEFCDC1C594C9 /* CheckoutView.swift in Sources */,
				4832F627F056E57B6A829DB6 /* DetailView.swift in Sources */,
				4832F19F6A37DD2BEFEABFE1 /* PaymentView.swift in Sources */,
				4832F85CCE2D62AC994BC31A /* LoginView.swift in Sources */,
				4832FB7332A87A92DFA441B0 /* OnboardingView.swift in Sources */,
				4832FA701A9BCA6A168F0130 /* RegisterView.swift in Sources */,
				4832F5C76661114D894EDF17 /* SplashscreenView.swift in Sources */,
				4832F8683B119556D11F7D2C /* UserSettings.swift in Sources */,
				4832F80B63854E7138CB1987 /* HistoryDetailView.swift in Sources */,
				4832FC5EF2544223E7532121 /* CardView.swift in Sources */,
				4832FD928BD038652860D86E /* StatusChipView.swift in Sources */,
				4832F885ECE5665D6FAF1059 /* ProductItemView.swift in Sources */,
				4832F6084E39302BF13A72AE /* ProductScrollView.swift in Sources */,
				4832F8B768F2B27A25B068CE /* DashboardView.swift in Sources */,
			);
			runOnlyForDeploymentPostprocessing = 0;
		};
/* End PBXSourcesBuildPhase section */

/* Begin XCBuildConfiguration section */
		C1285B61293B994700A001BE /* Debug */ = {
			isa = XCBuildConfiguration;
			buildSettings = {
				ALWAYS_SEARCH_USER_PATHS = NO;
				CLANG_ANALYZER_NONNULL = YES;
				CLANG_ANALYZER_NUMBER_OBJECT_CONVERSION = YES_AGGRESSIVE;
				CLANG_CXX_LANGUAGE_STANDARD = "gnu++20";
				CLANG_ENABLE_MODULES = YES;
				CLANG_ENABLE_OBJC_ARC = YES;
				CLANG_ENABLE_OBJC_WEAK = YES;
				CLANG_WARN_BLOCK_CAPTURE_AUTORELEASING = YES;
				CLANG_WARN_BOOL_CONVERSION = YES;
				CLANG_WARN_COMMA = YES;
				CLANG_WARN_CONSTANT_CONVERSION = YES;
				CLANG_WARN_DEPRECATED_OBJC_IMPLEMENTATIONS = YES;
				CLANG_WARN_DIRECT_OBJC_ISA_USAGE = YES_ERROR;
				CLANG_WARN_DOCUMENTATION_COMMENTS = YES;
				CLANG_WARN_EMPTY_BODY = YES;
				CLANG_WARN_ENUM_CONVERSION = YES;
				CLANG_WARN_INFINITE_RECURSION = YES;
				CLANG_WARN_INT_CONVERSION = YES;
				CLANG_WARN_NON_LITERAL_NULL_CONVERSION = YES;
				CLANG_WARN_OBJC_IMPLICIT_RETAIN_SELF = YES;
				CLANG_WARN_OBJC_LITERAL_CONVERSION = YES;
				CLANG_WARN_OBJC_ROOT_CLASS = YES_ERROR;
				CLANG_WARN_QUOTED_INCLUDE_IN_FRAMEWORK_HEADER = YES;
				CLANG_WARN_RANGE_LOOP_ANALYSIS = YES;
				CLANG_WARN_STRICT_PROTOTYPES = YES;
				CLANG_WARN_SUSPICIOUS_MOVE = YES;
				CLANG_WARN_UNGUARDED_AVAILABILITY = YES_AGGRESSIVE;
				CLANG_WARN_UNREACHABLE_CODE = YES;
				CLANG_WARN__DUPLICATE_METHOD_MATCH = YES;
				COPY_PHASE_STRIP = NO;
				DEBUG_INFORMATION_FORMAT = dwarf;
				ENABLE_STRICT_OBJC_MSGSEND = YES;
				ENABLE_TESTABILITY = YES;
				GCC_C_LANGUAGE_STANDARD = gnu11;
				GCC_DYNAMIC_NO_PIC = NO;
				GCC_NO_COMMON_BLOCKS = YES;
				GCC_OPTIMIZATION_LEVEL = 0;
				GCC_PREPROCESSOR_DEFINITIONS = (
					"DEBUG=1",
					"$(inherited)",
				);
				GCC_WARN_64_TO_32_BIT_CONVERSION = YES;
				GCC_WARN_ABOUT_RETURN_TYPE = YES_ERROR;
				GCC_WARN_UNDECLARED_SELECTOR = YES;
				GCC_WARN_UNINITIALIZED_AUTOS = YES_AGGRESSIVE;
				GCC_WARN_UNUSED_FUNCTION = YES;
				GCC_WARN_UNUSED_VARIABLE = YES;
				IPHONEOS_DEPLOYMENT_TARGET = 16.1;
				MTL_ENABLE_DEBUG_INFO = INCLUDE_SOURCE;
				MTL_FAST_MATH = YES;
				ONLY_ACTIVE_ARCH = YES;
				SDKROOT = iphoneos;
				SWIFT_ACTIVE_COMPILATION_CONDITIONS = DEBUG;
				SWIFT_OPTIMIZATION_LEVEL = "-Onone";
			};
			name = Debug;
		};
		C1285B62293B994700A001BE /* Release */ = {
			isa = XCBuildConfiguration;
			buildSettings = {
				ALWAYS_SEARCH_USER_PATHS = NO;
				CLANG_ANALYZER_NONNULL = YES;
				CLANG_ANALYZER_NUMBER_OBJECT_CONVERSION = YES_AGGRESSIVE;
				CLANG_CXX_LANGUAGE_STANDARD = "gnu++20";
				CLANG_ENABLE_MODULES = YES;
				CLANG_ENABLE_OBJC_ARC = YES;
				CLANG_ENABLE_OBJC_WEAK = YES;
				CLANG_WARN_BLOCK_CAPTURE_AUTORELEASING = YES;
				CLANG_WARN_BOOL_CONVERSION = YES;
				CLANG_WARN_COMMA = YES;
				CLANG_WARN_CONSTANT_CONVERSION = YES;
				CLANG_WARN_DEPRECATED_OBJC_IMPLEMENTATIONS = YES;
				CLANG_WARN_DIRECT_OBJC_ISA_USAGE = YES_ERROR;
				CLANG_WARN_DOCUMENTATION_COMMENTS = YES;
				CLANG_WARN_EMPTY_BODY = YES;
				CLANG_WARN_ENUM_CONVERSION = YES;
				CLANG_WARN_INFINITE_RECURSION = YES;
				CLANG_WARN_INT_CONVERSION = YES;
				CLANG_WARN_NON_LITERAL_NULL_CONVERSION = YES;
				CLANG_WARN_OBJC_IMPLICIT_RETAIN_SELF = YES;
				CLANG_WARN_OBJC_LITERAL_CONVERSION = YES;
				CLANG_WARN_OBJC_ROOT_CLASS = YES_ERROR;
				CLANG_WARN_QUOTED_INCLUDE_IN_FRAMEWORK_HEADER = YES;
				CLANG_WARN_RANGE_LOOP_ANALYSIS = YES;
				CLANG_WARN_STRICT_PROTOTYPES = YES;
				CLANG_WARN_SUSPICIOUS_MOVE = YES;
				CLANG_WARN_UNGUARDED_AVAILABILITY = YES_AGGRESSIVE;
				CLANG_WARN_UNREACHABLE_CODE = YES;
				CLANG_WARN__DUPLICATE_METHOD_MATCH = YES;
				COPY_PHASE_STRIP = NO;
				DEBUG_INFORMATION_FORMAT = "dwarf-with-dsym";
				ENABLE_NS_ASSERTIONS = NO;
				ENABLE_STRICT_OBJC_MSGSEND = YES;
				GCC_C_LANGUAGE_STANDARD = gnu11;
				GCC_NO_COMMON_BLOCKS = YES;
				GCC_WARN_64_TO_32_BIT_CONVERSION = YES;
				GCC_WARN_ABOUT_RETURN_TYPE = YES_ERROR;
				GCC_WARN_UNDECLARED_SELECTOR = YES;
				GCC_WARN_UNINITIALIZED_AUTOS = YES_AGGRESSIVE;
				GCC_WARN_UNUSED_FUNCTION = YES;
				GCC_WARN_UNUSED_VARIABLE = YES;
				IPHONEOS_DEPLOYMENT_TARGET = 16.1;
				MTL_ENABLE_DEBUG_INFO = NO;
				MTL_FAST_MATH = YES;
				SDKROOT = iphoneos;
				SWIFT_COMPILATION_MODE = wholemodule;
				SWIFT_OPTIMIZATION_LEVEL = "-O";
				VALIDATE_PRODUCT = YES;
			};
			name = Release;
		};
		C1285B64293B994700A001BE /* Debug */ = {
			isa = XCBuildConfiguration;
			buildSettings = {
				ASSETCATALOG_COMPILER_APPICON_NAME = AppIcon;
				ASSETCATALOG_COMPILER_GLOBAL_ACCENT_COLOR_NAME = AccentColor;
				CODE_SIGN_STYLE = Automatic;
				CURRENT_PROJECT_VERSION = 1;
				DEVELOPMENT_ASSET_PATHS = "\"Meat Solution/Preview Content\"";
				DEVELOPMENT_TEAM = 7AS32Y773Z;
				ENABLE_PREVIEWS = YES;
				GENERATE_INFOPLIST_FILE = YES;
				INFOPLIST_KEY_CFBundleDisplayName = MetionKu;
				INFOPLIST_KEY_UIApplicationSceneManifest_Generation = YES;
				INFOPLIST_KEY_UIApplicationSupportsIndirectInputEvents = YES;
				INFOPLIST_KEY_UILaunchScreen_Generation = YES;
				INFOPLIST_KEY_UISupportedInterfaceOrientations_iPad = "UIInterfaceOrientationPortrait UIInterfaceOrientationPortraitUpsideDown UIInterfaceOrientationLandscapeLeft UIInterfaceOrientationLandscapeRight";
				INFOPLIST_KEY_UISupportedInterfaceOrientations_iPhone = "UIInterfaceOrientationPortrait UIInterfaceOrientationLandscapeLeft UIInterfaceOrientationLandscapeRight";
				LD_RUNPATH_SEARCH_PATHS = (
					"$(inherited)",
					"@executable_path/Frameworks",
				);
				MARKETING_VERSION = 1.0;
				PRODUCT_BUNDLE_IDENTIFIER = "com.farisarie.Meat-Solution";
				PRODUCT_NAME = "$(TARGET_NAME)";
				SUPPORTED_PLATFORMS = "iphoneos iphonesimulator";
				SUPPORTS_MACCATALYST = NO;
				SUPPORTS_MAC_DESIGNED_FOR_IPHONE_IPAD = YES;
				SWIFT_EMIT_LOC_STRINGS = YES;
				SWIFT_VERSION = 5.0;
				TARGETED_DEVICE_FAMILY = "1,2";
			};
			name = Debug;
		};
		C1285B65293B994700A001BE /* Release */ = {
			isa = XCBuildConfiguration;
			buildSettings = {
				ASSETCATALOG_COMPILER_APPICON_NAME = AppIcon;
				ASSETCATALOG_COMPILER_GLOBAL_ACCENT_COLOR_NAME = AccentColor;
				CODE_SIGN_STYLE = Automatic;
				CURRENT_PROJECT_VERSION = 1;
				DEVELOPMENT_ASSET_PATHS = "\"Meat Solution/Preview Content\"";
				DEVELOPMENT_TEAM = 7AS32Y773Z;
				ENABLE_PREVIEWS = YES;
				GENERATE_INFOPLIST_FILE = YES;
				INFOPLIST_KEY_CFBundleDisplayName = MetionKu;
				INFOPLIST_KEY_UIApplicationSceneManifest_Generation = YES;
				INFOPLIST_KEY_UIApplicationSupportsIndirectInputEvents = YES;
				INFOPLIST_KEY_UILaunchScreen_Generation = YES;
				INFOPLIST_KEY_UISupportedInterfaceOrientations_iPad = "UIInterfaceOrientationPortrait UIInterfaceOrientationPortraitUpsideDown UIInterfaceOrientationLandscapeLeft UIInterfaceOrientationLandscapeRight";
				INFOPLIST_KEY_UISupportedInterfaceOrientations_iPhone = "UIInterfaceOrientationPortrait UIInterfaceOrientationLandscapeLeft UIInterfaceOrientationLandscapeRight";
				LD_RUNPATH_SEARCH_PATHS = (
					"$(inherited)",
					"@executable_path/Frameworks",
				);
				MARKETING_VERSION = 1.0;
				PRODUCT_BUNDLE_IDENTIFIER = "com.farisarie.Meat-Solution";
				PRODUCT_NAME = "$(TARGET_NAME)";
				SUPPORTED_PLATFORMS = "iphoneos iphonesimulator";
				SUPPORTS_MACCATALYST = NO;
				SUPPORTS_MAC_DESIGNED_FOR_IPHONE_IPAD = YES;
				SWIFT_EMIT_LOC_STRINGS = YES;
				SWIFT_VERSION = 5.0;
				TARGETED_DEVICE_FAMILY = "1,2";
			};
			name = Release;
		};
/* End XCBuildConfiguration section */

/* Begin XCConfigurationList section */
		C1285B50293B994600A001BE /* Build configuration list for PBXProject "Meat Solution" */ = {
			isa = XCConfigurationList;
			buildConfigurations = (
				C1285B61293B994700A001BE /* Debug */,
				C1285B62293B994700A001BE /* Release */,
			);
			defaultConfigurationIsVisible = 0;
			defaultConfigurationName = Release;
		};
		C1285B63293B994700A001BE /* Build configuration list for PBXNativeTarget "Meat Solution" */ = {
			isa = XCConfigurationList;
			buildConfigurations = (
				C1285B64293B994700A001BE /* Debug */,
				C1285B65293B994700A001BE /* Release */,
			);
			defaultConfigurationIsVisible = 0;
			defaultConfigurationName = Release;
		};
/* End XCConfigurationList section */
	};
	rootObject = C1285B4D293B994600A001BE /* Project object */;
}
